
Microsoft Visual Studio Solution File, Format Version 12.00
# Visual Studio Version 17
VisualStudioVersion = 17.11.35219.272
MinimumVisualStudioVersion = 10.0.40219.1
Project("{9A19103F-16F7-4668-BE54-9A1E7A4F7556}") = "KEGE Station", "KEGE Station\KEGE Station.csproj", "{DA8BCA9A-F08A-4FA7-BCAD-91C8FEAECAA9}"
EndProject
Global
	GlobalSection(SolutionConfigurationPlatforms) = preSolution
		Debug|Any CPU = Debug|Any CPU
		Release|Any CPU = Release|Any CPU
	EndGlobalSection
	GlobalSection(ProjectConfigurationPlatforms) = postSolution
		{DA8BCA9A-F08A-4FA7-BCAD-91C8FEAECAA9}.Debug|Any CPU.ActiveCfg = Debug|Any CPU
		{DA8BCA9A-F08A-4FA7-BCAD-91C8FEAECAA9}.Debug|Any CPU.Build.0 = Debug|Any CPU
		{DA8BCA9A-F08A-4FA7-BCAD-91C8FEAECAA9}.Release|Any CPU.ActiveCfg = Release|Any CPU
		{DA8BCA9A-F08A-4FA7-BCAD-91C8FEAECAA9}.Release|Any CPU.Build.0 = Release|Any CPU
	EndGlobalSection
	GlobalSection(SolutionProperties) = preSolution
		HideSolutionNode = FALSE
	EndGlobalSection
	GlobalSection(ExtensibilityGlobals) = postSolution
		SolutionGuid = {E31A0B1C-C529-42BF-9C71-E8F3CE7AF75B}
	EndGlobalSection
EndGlobal
